# generated by rye
# use `rye lock` or `rye sync` to update this lockfile
#
# last locked with the following flags:
#   pre: false
#   features: []
#   all-features: false
#   with-sources: false

-e file:.
aiohappyeyeballs==2.4.3
    # via aiohttp
aiohttp==3.10.8
    # via langchain
    # via openai
    # via paper-scraper
aiosignal==1.3.1
    # via aiohttp
altair==5.4.1
    # via streamlit
annotated-types==0.7.0
    # via pydantic
asttokens==2.4.1
    # via stack-data
async-timeout==4.0.3
    # via aiohttp
    # via langchain
attrs==24.2.0
    # via aiohttp
    # via jsonschema
    # via referencing
beautifulsoup4==4.9.0
    # via rxn4chemistry
    # via wikipedia
blinker==1.8.2
    # via streamlit
cachetools==5.5.0
    # via streamlit
certifi==2024.8.30
    # via requests
charset-normalizer==3.3.2
    # via requests
click==8.1.7
    # via duckduckgo-search
    # via pystow
    # via streamlit
contourpy==1.3.0
    # via matplotlib
cycler==0.12.1
    # via matplotlib
dataclasses-json==0.5.14
    # via langchain
decorator==5.1.1
    # via ipython
duckduckgo-search==6.2.13
    # via chemcrow
exceptiongroup==1.2.2
    # via ipython
executing==2.1.0
    # via stack-data
faiss-cpu==1.8.0.post1
    # via paper-qa
fonttools==4.54.1
    # via matplotlib
frozenlist==1.4.1
    # via aiohttp
    # via aiosignal
gitdb==4.0.11
    # via gitpython
gitpython==3.1.43
    # via streamlit
google-search-results==2.4.2
    # via chemcrow
greenlet==3.1.1
    # via sqlalchemy
html2text==2024.2.26
    # via paper-qa
idna==3.10
    # via requests
    # via yarl
importlib-resources==6.4.5
    # via matplotlib
    # via molbloom
    # via synspace
ipython==8.18.1
    # via chemcrow
jedi==0.19.1
    # via ipython
jinja2==3.1.4
    # via altair
    # via pydeck
jsonpatch==1.33
    # via langchain-core
jsonpointer==3.0.0
    # via jsonpatch
jsonschema==4.23.0
    # via altair
jsonschema-specifications==2023.12.1
    # via jsonschema
kiwisolver==1.4.7
    # via matplotlib
langchain==0.0.275
    # via chemcrow
    # via paper-qa
    # via rmrkl
langchain-core==0.0.1
    # via chemcrow
langsmith==0.0.92
    # via langchain
    # via langchain-core
latexcodec==3.0.0
    # via pybtex
markdown-it-py==3.0.0
    # via rich
markupsafe==2.1.5
    # via jinja2
marshmallow==3.22.0
    # via dataclasses-json
matplotlib==3.9.2
    # via skunk
matplotlib-inline==0.1.7
    # via ipython
mdurl==0.1.2
    # via markdown-it-py
molbloom==2.2.1
    # via chemcrow
multidict==6.1.0
    # via aiohttp
    # via yarl
mypy-extensions==1.0.0
    # via typing-inspect
narwhals==1.9.0
    # via altair
nest-asyncio==1.6.0
    # via chemcrow
numexpr==2.10.1
    # via langchain
numpy==1.26.4
    # via contourpy
    # via faiss-cpu
    # via langchain
    # via matplotlib
    # via numexpr
    # via pandas
    # via pyarrow
    # via pydeck
    # via rdkit
    # via streamlit
    # via synspace
openai==0.27.8
    # via chemcrow
    # via paper-qa
packaging==24.1
    # via altair
    # via faiss-cpu
    # via marshmallow
    # via matplotlib
    # via streamlit
pandas==2.2.3
    # via streamlit
    # via synspace
paper-qa==1.1.1
    # via chemcrow
paper-scraper @ git+https://github.com/blackadad/paper-scraper.git@29c11f081caec38834b2e8b022e078c77f82975a
    # via chemcrow
parso==0.8.4
    # via jedi
pexpect==4.9.0
    # via ipython
pillow==10.4.0
    # via matplotlib
    # via rdkit
    # via streamlit
primp==0.6.3
    # via duckduckgo-search
prompt-toolkit==3.0.48
    # via ipython
protobuf==5.28.2
    # via streamlit
ptyprocess==0.7.0
    # via pexpect
pure-eval==0.2.3
    # via stack-data
pyarrow==17.0.0
    # via streamlit
pybtex==0.24.0
    # via paper-scraper
pycryptodome==3.21.0
    # via paper-qa
pydantic==2.9.2
    # via langchain
    # via langchain-core
    # via langsmith
pydantic-core==2.23.4
    # via pydantic
pydeck==0.9.1
    # via streamlit
pygments==2.18.0
    # via ipython
    # via rich
pymupdf==1.24.10
    # via paper-scraper
pymupdfb==1.24.10
    # via pymupdf
pyparsing==3.1.4
    # via matplotlib
pypdf==5.0.1
    # via paper-qa
pystow==0.5.5
    # via synspace
python-dateutil==2.9.0.post0
    # via matplotlib
    # via pandas
python-dotenv==1.0.1
    # via chemcrow
pytz==2024.2
    # via pandas
pyyaml==6.0.2
    # via langchain
    # via pybtex
rdkit==2024.3.5
    # via chemcrow
    # via synspace
referencing==0.35.1
    # via jsonschema
    # via jsonschema-specifications
regex==2024.9.11
    # via tiktoken
requests==2.32.3
    # via google-search-results
    # via langchain
    # via langsmith
    # via openai
    # via pystow
    # via rxn4chemistry
    # via streamlit
    # via synspace
    # via tiktoken
    # via wikipedia
rich==13.9.1
    # via streamlit
rmrkl==0.0.3
    # via chemcrow
rpds-py==0.20.0
    # via jsonschema
    # via referencing
rxn4chemistry==1.14.0
    # via chemcrow
setuptools==75.1.0
    # via chemcrow
six==1.16.0
    # via asttokens
    # via pybtex
    # via python-dateutil
skunk==1.3.0
    # via synspace
smmap==5.0.1
    # via gitdb
soupsieve==2.6
    # via beautifulsoup4
sqlalchemy==2.0.35
    # via langchain
stack-data==0.6.3
    # via ipython
streamlit==1.39.0
    # via chemcrow
synspace==0.3.0
    # via chemcrow
tenacity==8.5.0
    # via langchain
    # via langchain-core
    # via streamlit
tiktoken==0.7.0
    # via chemcrow
    # via paper-qa
toml==0.10.2
    # via streamlit
tornado==6.4.1
    # via streamlit
tqdm==4.66.5
    # via openai
    # via pystow
    # via synspace
traitlets==5.14.3
    # via ipython
    # via matplotlib-inline
typing-extensions==4.12.2
    # via altair
    # via ipython
    # via multidict
    # via pydantic
    # via pydantic-core
    # via pypdf
    # via rich
    # via sqlalchemy
    # via streamlit
    # via typing-inspect
typing-inspect==0.9.0
    # via dataclasses-json
tzdata==2024.2
    # via pandas
urllib3==2.2.3
    # via requests
wcwidth==0.2.13
    # via prompt-toolkit
wikipedia==1.4.0
    # via chemcrow
yarl==1.13.1
    # via aiohttp
zipp==3.20.2
    # via importlib-resources
